
Microsoft Visual Studio Solution File, Format Version 12.00
# Visual Studio 15
VisualStudioVersion = 15.0.27130.2036
MinimumVisualStudioVersion = 10.0.40219.1
Project("{FAE04EC0-301F-11D3-BF4B-00C04F79EFBC}") = "HppTuning.Application", "HppTuning.Application\HppTuning.Application.csproj", "{098757B1-05A2-4C03-91AB-F15F5B468C2E}"
EndProject
Project("{FAE04EC0-301F-11D3-BF4B-00C04F79EFBC}") = "HppTuning.Data", "HppTuning.Data\HppTuning.Data.csproj", "{839C5AD5-884F-40C0-B5B5-C810FD81D81B}"
EndProject
Project("{FAE04EC0-301F-11D3-BF4B-00C04F79EFBC}") = "HppTuning.Models", "HppTuning.Models\HppTuning.Models.csproj", "{9B96A88A-721E-4632-97F8-F09BB5B7D509}"
EndProject
Project("{FAE04EC0-301F-11D3-BF4B-00C04F79EFBC}") = "HppTuning.Services", "HppTuning.Services\HppTuning.Services.csproj", "{934BD9E9-0FBD-41D7-90E4-20AF45582613}"
EndProject
Global
	GlobalSection(SolutionConfigurationPlatforms) = preSolution
		Debug|Any CPU = Debug|Any CPU
		Release|Any CPU = Release|Any CPU
	EndGlobalSection
	GlobalSection(ProjectConfigurationPlatforms) = postSolution
		{098757B1-05A2-4C03-91AB-F15F5B468C2E}.Debug|Any CPU.ActiveCfg = Debug|Any CPU
		{098757B1-05A2-4C03-91AB-F15F5B468C2E}.Debug|Any CPU.Build.0 = Debug|Any CPU
		{098757B1-05A2-4C03-91AB-F15F5B468C2E}.Release|Any CPU.ActiveCfg = Release|Any CPU
		{098757B1-05A2-4C03-91AB-F15F5B468C2E}.Release|Any CPU.Build.0 = Release|Any CPU
		{839C5AD5-884F-40C0-B5B5-C810FD81D81B}.Debug|Any CPU.ActiveCfg = Debug|Any CPU
		{839C5AD5-884F-40C0-B5B5-C810FD81D81B}.Debug|Any CPU.Build.0 = Debug|Any CPU
		{839C5AD5-884F-40C0-B5B5-C810FD81D81B}.Release|Any CPU.ActiveCfg = Release|Any CPU
		{839C5AD5-884F-40C0-B5B5-C810FD81D81B}.Release|Any CPU.Build.0 = Release|Any CPU
		{9B96A88A-721E-4632-97F8-F09BB5B7D509}.Debug|Any CPU.ActiveCfg = Debug|Any CPU
		{9B96A88A-721E-4632-97F8-F09BB5B7D509}.Debug|Any CPU.Build.0 = Debug|Any CPU
		{9B96A88A-721E-4632-97F8-F09BB5B7D509}.Release|Any CPU.ActiveCfg = Release|Any CPU
		{9B96A88A-721E-4632-97F8-F09BB5B7D509}.Release|Any CPU.Build.0 = Release|Any CPU
		{934BD9E9-0FBD-41D7-90E4-20AF45582613}.Debug|Any CPU.ActiveCfg = Debug|Any CPU
		{934BD9E9-0FBD-41D7-90E4-20AF45582613}.Debug|Any CPU.Build.0 = Debug|Any CPU
		{934BD9E9-0FBD-41D7-90E4-20AF45582613}.Release|Any CPU.ActiveCfg = Release|Any CPU
		{934BD9E9-0FBD-41D7-90E4-20AF45582613}.Release|Any CPU.Build.0 = Release|Any CPU
	EndGlobalSection
	GlobalSection(SolutionProperties) = preSolution
		HideSolutionNode = FALSE
	EndGlobalSection
	GlobalSection(ExtensibilityGlobals) = postSolution
		SolutionGuid = {8498E377-780E-4993-88FB-50990142605F}
	EndGlobalSection
EndGlobal
